// !$*UTF8*$!
{
	archiveVersion = 1;
	classes = {
	};
	objectVersion = 50;
	objects = {

/* Begin PBXBuildFile section */
		4A5A42BA2474EB1400180BE5 /* AppDelegate.swift in Sources */ = {isa = PBXBuildFile; fileRef = 4A5A42B92474EB1400180BE5 /* AppDelegate.swift */; };
		4A5A42BC2474EB1400180BE5 /* SceneDelegate.swift in Sources */ = {isa = PBXBuildFile; fileRef = 4A5A42BB2474EB1400180BE5 /* SceneDelegate.swift */; };
		4A5A42C12474EB1400180BE5 /* Main.storyboard in Resources */ = {isa = PBXBuildFile; fileRef = 4A5A42BF2474EB1400180BE5 /* Main.storyboard */; };
		4A5A42C32474EB1700180BE5 /* Assets.xcassets in Resources */ = {isa = PBXBuildFile; fileRef = 4A5A42C22474EB1700180BE5 /* Assets.xcassets */; };
		4A5A42C62474EB1700180BE5 /* LaunchScreen.storyboard in Resources */ = {isa = PBXBuildFile; fileRef = 4A5A42C42474EB1700180BE5 /* LaunchScreen.storyboard */; };
		4A5A42D12474EB1800180BE5 /* Mindvalley_ChallengeTests.swift in Sources */ = {isa = PBXBuildFile; fileRef = 4A5A42D02474EB1800180BE5 /* Mindvalley_ChallengeTests.swift */; };
		4A5A42DE2475232E00180BE5 /* RESTClient.swift in Sources */ = {isa = PBXBuildFile; fileRef = 4A5A42DC2475230500180BE5 /* RESTClient.swift */; };
		4A5A42E02475238000180BE5 /* ServiceError.swift in Sources */ = {isa = PBXBuildFile; fileRef = 4A5A42DF2475238000180BE5 /* ServiceError.swift */; };
		4A5A42E2247523C000180BE5 /* Result.swift in Sources */ = {isa = PBXBuildFile; fileRef = 4A5A42E1247523C000180BE5 /* Result.swift */; };
		4A5A42E4247525F600180BE5 /* RESTClientTests.swift in Sources */ = {isa = PBXBuildFile; fileRef = 4A5A42E3247525F600180BE5 /* RESTClientTests.swift */; };
		4A5A42E72475402D00180BE5 /* Media.swift in Sources */ = {isa = PBXBuildFile; fileRef = 4A5A42E62475402D00180BE5 /* Media.swift */; };
		4A5EEB382477854C00403FF3 /* DataProvider.swift in Sources */ = {isa = PBXBuildFile; fileRef = 4A5EEB372477854C00403FF3 /* DataProvider.swift */; };
		4A5EEB3D24778D0C00403FF3 /* Cache.swift in Sources */ = {isa = PBXBuildFile; fileRef = 4A5EEB3C24778D0C00403FF3 /* Cache.swift */; };
		4A722D5D247A80DD00AB996E /* ChannelSection.swift in Sources */ = {isa = PBXBuildFile; fileRef = 4A722D5C247A80DD00AB996E /* ChannelSection.swift */; };
		4A722D65247E436200AB996E /* CategorySection.swift in Sources */ = {isa = PBXBuildFile; fileRef = 4A722D64247E436200AB996E /* CategorySection.swift */; };
		4A722D68247E440700AB996E /* CategoryTableCell.swift in Sources */ = {isa = PBXBuildFile; fileRef = 4A722D66247E440700AB996E /* CategoryTableCell.swift */; };
		4A722D69247E440700AB996E /* CategoryTableCell.xib in Resources */ = {isa = PBXBuildFile; fileRef = 4A722D67247E440700AB996E /* CategoryTableCell.xib */; };
		4A722D6C247E471B00AB996E /* SingleCategoryCell.swift in Sources */ = {isa = PBXBuildFile; fileRef = 4A722D6A247E471B00AB996E /* SingleCategoryCell.swift */; };
		4A722D6D247E471B00AB996E /* SingleCategoryCell.xib in Resources */ = {isa = PBXBuildFile; fileRef = 4A722D6B247E471B00AB996E /* SingleCategoryCell.xib */; };
		4A722D71247E75D100AB996E /* SectionHeader.swift in Sources */ = {isa = PBXBuildFile; fileRef = 4A722D70247E75D100AB996E /* SectionHeader.swift */; };
		4A722D73247E75E900AB996E /* SectionHeader.xib in Resources */ = {isa = PBXBuildFile; fileRef = 4A722D72247E75E900AB996E /* SectionHeader.xib */; };
		4A73ABA9247A142200ACEE6F /* SingleSeriesCell.xib in Resources */ = {isa = PBXBuildFile; fileRef = 4AC144DB24797EAA007940E8 /* SingleSeriesCell.xib */; };
		4A73ABAC247A15D500ACEE6F /* CellReuseable.swift in Sources */ = {isa = PBXBuildFile; fileRef = 4A73ABAB247A15D500ACEE6F /* CellReuseable.swift */; };
		4A73ABAE247A167000ACEE6F /* CellConfigurable.swift in Sources */ = {isa = PBXBuildFile; fileRef = 4A73ABAD247A167000ACEE6F /* CellConfigurable.swift */; };
		4A73ABB0247A16F800ACEE6F /* NewEpisodesCellViewModel.swift in Sources */ = {isa = PBXBuildFile; fileRef = 4A73ABAF247A16F800ACEE6F /* NewEpisodesCellViewModel.swift */; };
		4A73ABB4247A288B00ACEE6F /* SingleCourseCell.swift in Sources */ = {isa = PBXBuildFile; fileRef = 4A73ABB2247A288B00ACEE6F /* SingleCourseCell.swift */; };
		4A73ABB5247A288B00ACEE6F /* SingleCourseCell.xib in Resources */ = {isa = PBXBuildFile; fileRef = 4A73ABB3247A288B00ACEE6F /* SingleCourseCell.xib */; };
		4A73ABB7247A2D1200ACEE6F /* ChannelTableViewDataSource.swift in Sources */ = {isa = PBXBuildFile; fileRef = 4A73ABB6247A2D1200ACEE6F /* ChannelTableViewDataSource.swift */; };
		4A73ABBB247A39C500ACEE6F /* ImageCache.swift in Sources */ = {isa = PBXBuildFile; fileRef = 4A73ABB9247A39C500ACEE6F /* ImageCache.swift */; };
		4A73ABBE247A3A0800ACEE6F /* UIImageView+Cache.swift in Sources */ = {isa = PBXBuildFile; fileRef = 4A73ABBD247A3A0800ACEE6F /* UIImageView+Cache.swift */; };
		4A73ABC2247A421500ACEE6F /* HorizontalFlowLayout.swift in Sources */ = {isa = PBXBuildFile; fileRef = 4A73ABC1247A421500ACEE6F /* HorizontalFlowLayout.swift */; };
		4A73ABC4247A456300ACEE6F /* String+Extras.swift in Sources */ = {isa = PBXBuildFile; fileRef = 4A73ABC3247A456300ACEE6F /* String+Extras.swift */; };
		4AB2A85A247F7B610021BD8E /* SingleEpisodeCell.swift in Sources */ = {isa = PBXBuildFile; fileRef = 4AB2A858247F7B610021BD8E /* SingleEpisodeCell.swift */; };
		4AB2A85B247F7B610021BD8E /* SingleEpisodeCell.xib in Resources */ = {isa = PBXBuildFile; fileRef = 4AB2A859247F7B610021BD8E /* SingleEpisodeCell.xib */; };
		4AB2A85F247FF4E60021BD8E /* TableViewCourseCell.xib in Resources */ = {isa = PBXBuildFile; fileRef = 4AB2A85D247FF4E60021BD8E /* TableViewCourseCell.xib */; };
		4AB2A860247FF4E60021BD8E /* TableViewCourseCell.swift in Sources */ = {isa = PBXBuildFile; fileRef = 4AB2A85E247FF4E60021BD8E /* TableViewCourseCell.swift */; };
		4AB2A864247FF67A0021BD8E /* TableViewSeriesCell.xib in Resources */ = {isa = PBXBuildFile; fileRef = 4AB2A862247FF67A0021BD8E /* TableViewSeriesCell.xib */; };
		4AB2A865247FF67A0021BD8E /* TableViewSeriesCell.swift in Sources */ = {isa = PBXBuildFile; fileRef = 4AB2A863247FF67A0021BD8E /* TableViewSeriesCell.swift */; };
		4AB2A869248098020021BD8E /* State.swift in Sources */ = {isa = PBXBuildFile; fileRef = 4AB2A868248098020021BD8E /* State.swift */; };
		4AB2A86B248201AE0021BD8E /* Channel.swift in Sources */ = {isa = PBXBuildFile; fileRef = 4AB2A86A248201AE0021BD8E /* Channel.swift */; };
		4AB2A86D248201C60021BD8E /* Category.swift in Sources */ = {isa = PBXBuildFile; fileRef = 4AB2A86C248201C60021BD8E /* Category.swift */; };
		4AB2A890248285DA0021BD8E /* README.md in Resources */ = {isa = PBXBuildFile; fileRef = 4AB2A88F248285DA0021BD8E /* README.md */; };
		4AC144C82478D3A5007940E8 /* JSON+Extras.swift in Sources */ = {isa = PBXBuildFile; fileRef = 4AC144C72478D3A5007940E8 /* JSON+Extras.swift */; };
		4AC144CA2478D404007940E8 /* DataProviderTests.swift in Sources */ = {isa = PBXBuildFile; fileRef = 4AC144C92478D404007940E8 /* DataProviderTests.swift */; };
		4AC144CE247966DB007940E8 /* ChannelListViewController.swift in Sources */ = {isa = PBXBuildFile; fileRef = 4AC144CD247966DB007940E8 /* ChannelListViewController.swift */; };
		4AC144D02479794B007940E8 /* ChannelListViewModel.swift in Sources */ = {isa = PBXBuildFile; fileRef = 4AC144CF2479794B007940E8 /* ChannelListViewModel.swift */; };
		4AC144D224797B43007940E8 /* SectionProtocol.swift in Sources */ = {isa = PBXBuildFile; fileRef = 4AC144D124797B43007940E8 /* SectionProtocol.swift */; };
		4AC144D424797BDE007940E8 /* NewEpisodesSection.swift in Sources */ = {isa = PBXBuildFile; fileRef = 4AC144D324797BDE007940E8 /* NewEpisodesSection.swift */; };
		4AC144DC24797EAA007940E8 /* SingleSeriesCell.swift in Sources */ = {isa = PBXBuildFile; fileRef = 4AC144DA24797EAA007940E8 /* SingleSeriesCell.swift */; };
		4AC144E024798601007940E8 /* NewEpisodesCell.swift in Sources */ = {isa = PBXBuildFile; fileRef = 4AC144DE24798601007940E8 /* NewEpisodesCell.swift */; };
		4AC144E124798601007940E8 /* NewEpisodesCell.xib in Resources */ = {isa = PBXBuildFile; fileRef = 4AC144DF24798601007940E8 /* NewEpisodesCell.xib */; };
		4AC144E6247A126F007940E8 /* Roboto-Regular.ttf in Resources */ = {isa = PBXBuildFile; fileRef = 4AC144E3247A126F007940E8 /* Roboto-Regular.ttf */; };
		4AC144E7247A126F007940E8 /* Roboto-Medium.ttf in Resources */ = {isa = PBXBuildFile; fileRef = 4AC144E4247A126F007940E8 /* Roboto-Medium.ttf */; };
		4AC144E8247A126F007940E8 /* Roboto-Bold.ttf in Resources */ = {isa = PBXBuildFile; fileRef = 4AC144E5247A126F007940E8 /* Roboto-Bold.ttf */; };
/* End PBXBuildFile section */

/* Begin PBXContainerItemProxy section */
		4A5A42CD2474EB1800180BE5 /* PBXContainerItemProxy */ = {
			isa = PBXContainerItemProxy;
			containerPortal = 4A5A42AE2474EB1400180BE5 /* Project object */;
			proxyType = 1;
			remoteGlobalIDString = 4A5A42B52474EB1400180BE5;
			remoteInfo = "Mindvalley-Challenge";
		};
/* End PBXContainerItemProxy section */

/* Begin PBXFileReference section */
		4A5A42B62474EB1400180BE5 /* Mindvalley-Challenge.app */ = {isa = PBXFileReference; explicitFileType = wrapper.application; includeInIndex = 0; path = "Mindvalley-Challenge.app"; sourceTree = BUILT_PRODUCTS_DIR; };
		4A5A42B92474EB1400180BE5 /* AppDelegate.swift */ = {isa = PBXFileReference; lastKnownFileType = sourcecode.swift; path = AppDelegate.swift; sourceTree = "<group>"; };
		4A5A42BB2474EB1400180BE5 /* SceneDelegate.swift */ = {isa = PBXFileReference; lastKnownFileType = sourcecode.swift; path = SceneDelegate.swift; sourceTree = "<group>"; };
		4A5A42C02474EB1400180BE5 /* Base */ = {isa = PBXFileReference; lastKnownFileType = file.storyboard; name = Base; path = Base.lproj/Main.storyboard; sourceTree = "<group>"; };
		4A5A42C22474EB1700180BE5 /* Assets.xcassets */ = {isa = PBXFileReference; lastKnownFileType = folder.assetcatalog; path = Assets.xcassets; sourceTree = "<group>"; };
		4A5A42C52474EB1700180BE5 /* Base */ = {isa = PBXFileReference; lastKnownFileType = file.storyboard; name = Base; path = Base.lproj/LaunchScreen.storyboard; sourceTree = "<group>"; };
		4A5A42C72474EB1700180BE5 /* Info.plist */ = {isa = PBXFileReference; lastKnownFileType = text.plist.xml; path = Info.plist; sourceTree = "<group>"; };
		4A5A42CC2474EB1800180BE5 /* Mindvalley-ChallengeTests.xctest */ = {isa = PBXFileReference; explicitFileType = wrapper.cfbundle; includeInIndex = 0; path = "Mindvalley-ChallengeTests.xctest"; sourceTree = BUILT_PRODUCTS_DIR; };
		4A5A42D02474EB1800180BE5 /* Mindvalley_ChallengeTests.swift */ = {isa = PBXFileReference; lastKnownFileType = sourcecode.swift; path = Mindvalley_ChallengeTests.swift; sourceTree = "<group>"; };
		4A5A42D22474EB1800180BE5 /* Info.plist */ = {isa = PBXFileReference; lastKnownFileType = text.plist.xml; path = Info.plist; sourceTree = "<group>"; };
		4A5A42DC2475230500180BE5 /* RESTClient.swift */ = {isa = PBXFileReference; lastKnownFileType = sourcecode.swift; path = RESTClient.swift; sourceTree = "<group>"; };
		4A5A42DF2475238000180BE5 /* ServiceError.swift */ = {isa = PBXFileReference; lastKnownFileType = sourcecode.swift; path = ServiceError.swift; sourceTree = "<group>"; };
		4A5A42E1247523C000180BE5 /* Result.swift */ = {isa = PBXFileReference; lastKnownFileType = sourcecode.swift; path = Result.swift; sourceTree = "<group>"; };
		4A5A42E3247525F600180BE5 /* RESTClientTests.swift */ = {isa = PBXFileReference; lastKnownFileType = sourcecode.swift; path = RESTClientTests.swift; sourceTree = "<group>"; };
		4A5A42E62475402D00180BE5 /* Media.swift */ = {isa = PBXFileReference; lastKnownFileType = sourcecode.swift; path = Media.swift; sourceTree = "<group>"; };
		4A5EEB372477854C00403FF3 /* DataProvider.swift */ = {isa = PBXFileReference; lastKnownFileType = sourcecode.swift; path = DataProvider.swift; sourceTree = "<group>"; };
		4A5EEB3C24778D0C00403FF3 /* Cache.swift */ = {isa = PBXFileReference; lastKnownFileType = sourcecode.swift; path = Cache.swift; sourceTree = "<group>"; };
		4A722D5C247A80DD00AB996E /* ChannelSection.swift */ = {isa = PBXFileReference; lastKnownFileType = sourcecode.swift; path = ChannelSection.swift; sourceTree = "<group>"; };
		4A722D64247E436200AB996E /* CategorySection.swift */ = {isa = PBXFileReference; lastKnownFileType = sourcecode.swift; path = CategorySection.swift; sourceTree = "<group>"; };
		4A722D66247E440700AB996E /* CategoryTableCell.swift */ = {isa = PBXFileReference; lastKnownFileType = sourcecode.swift; path = CategoryTableCell.swift; sourceTree = "<group>"; };
		4A722D67247E440700AB996E /* CategoryTableCell.xib */ = {isa = PBXFileReference; lastKnownFileType = file.xib; path = CategoryTableCell.xib; sourceTree = "<group>"; };
		4A722D6A247E471B00AB996E /* SingleCategoryCell.swift */ = {isa = PBXFileReference; lastKnownFileType = sourcecode.swift; path = SingleCategoryCell.swift; sourceTree = "<group>"; };
		4A722D6B247E471B00AB996E /* SingleCategoryCell.xib */ = {isa = PBXFileReference; lastKnownFileType = file.xib; path = SingleCategoryCell.xib; sourceTree = "<group>"; };
		4A722D70247E75D100AB996E /* SectionHeader.swift */ = {isa = PBXFileReference; lastKnownFileType = sourcecode.swift; path = SectionHeader.swift; sourceTree = "<group>"; };
		4A722D72247E75E900AB996E /* SectionHeader.xib */ = {isa = PBXFileReference; lastKnownFileType = file.xib; path = SectionHeader.xib; sourceTree = "<group>"; };
		4A73ABAB247A15D500ACEE6F /* CellReuseable.swift */ = {isa = PBXFileReference; lastKnownFileType = sourcecode.swift; path = CellReuseable.swift; sourceTree = "<group>"; };
		4A73ABAD247A167000ACEE6F /* CellConfigurable.swift */ = {isa = PBXFileReference; lastKnownFileType = sourcecode.swift; path = CellConfigurable.swift; sourceTree = "<group>"; };
		4A73ABAF247A16F800ACEE6F /* NewEpisodesCellViewModel.swift */ = {isa = PBXFileReference; lastKnownFileType = sourcecode.swift; path = NewEpisodesCellViewModel.swift; sourceTree = "<group>"; };
		4A73ABB2247A288B00ACEE6F /* SingleCourseCell.swift */ = {isa = PBXFileReference; fileEncoding = 4; lastKnownFileType = sourcecode.swift; path = SingleCourseCell.swift; sourceTree = "<group>"; };
		4A73ABB3247A288B00ACEE6F /* SingleCourseCell.xib */ = {isa = PBXFileReference; fileEncoding = 4; lastKnownFileType = file.xib; path = SingleCourseCell.xib; sourceTree = "<group>"; };
		4A73ABB6247A2D1200ACEE6F /* ChannelTableViewDataSource.swift */ = {isa = PBXFileReference; lastKnownFileType = sourcecode.swift; path = ChannelTableViewDataSource.swift; sourceTree = "<group>"; };
		4A73ABB9247A39C500ACEE6F /* ImageCache.swift */ = {isa = PBXFileReference; fileEncoding = 4; lastKnownFileType = sourcecode.swift; path = ImageCache.swift; sourceTree = "<group>"; };
		4A73ABBD247A3A0800ACEE6F /* UIImageView+Cache.swift */ = {isa = PBXFileReference; lastKnownFileType = sourcecode.swift; path = "UIImageView+Cache.swift"; sourceTree = "<group>"; };
		4A73ABC1247A421500ACEE6F /* HorizontalFlowLayout.swift */ = {isa = PBXFileReference; lastKnownFileType = sourcecode.swift; path = HorizontalFlowLayout.swift; sourceTree = "<group>"; };
		4A73ABC3247A456300ACEE6F /* String+Extras.swift */ = {isa = PBXFileReference; lastKnownFileType = sourcecode.swift; path = "String+Extras.swift"; sourceTree = "<group>"; };
		4AB2A858247F7B610021BD8E /* SingleEpisodeCell.swift */ = {isa = PBXFileReference; lastKnownFileType = sourcecode.swift; path = SingleEpisodeCell.swift; sourceTree = "<group>"; };
		4AB2A859247F7B610021BD8E /* SingleEpisodeCell.xib */ = {isa = PBXFileReference; lastKnownFileType = file.xib; path = SingleEpisodeCell.xib; sourceTree = "<group>"; };
		4AB2A85D247FF4E60021BD8E /* TableViewCourseCell.xib */ = {isa = PBXFileReference; fileEncoding = 4; lastKnownFileType = file.xib; path = TableViewCourseCell.xib; sourceTree = "<group>"; };
		4AB2A85E247FF4E60021BD8E /* TableViewCourseCell.swift */ = {isa = PBXFileReference; fileEncoding = 4; lastKnownFileType = sourcecode.swift; path = TableViewCourseCell.swift; sourceTree = "<group>"; };
		4AB2A862247FF67A0021BD8E /* TableViewSeriesCell.xib */ = {isa = PBXFileReference; fileEncoding = 4; lastKnownFileType = file.xib; path = TableViewSeriesCell.xib; sourceTree = "<group>"; };
		4AB2A863247FF67A0021BD8E /* TableViewSeriesCell.swift */ = {isa = PBXFileReference; fileEncoding = 4; lastKnownFileType = sourcecode.swift; path = TableViewSeriesCell.swift; sourceTree = "<group>"; };
		4AB2A868248098020021BD8E /* State.swift */ = {isa = PBXFileReference; lastKnownFileType = sourcecode.swift; path = State.swift; sourceTree = "<group>"; };
		4AB2A86A248201AE0021BD8E /* Channel.swift */ = {isa = PBXFileReference; lastKnownFileType = sourcecode.swift; path = Channel.swift; sourceTree = "<group>"; };
		4AB2A86C248201C60021BD8E /* Category.swift */ = {isa = PBXFileReference; lastKnownFileType = sourcecode.swift; path = Category.swift; sourceTree = "<group>"; };
		4AB2A88F248285DA0021BD8E /* README.md */ = {isa = PBXFileReference; fileEncoding = 4; lastKnownFileType = net.daringfireball.markdown; path = README.md; sourceTree = "<group>"; };
		4AC144C72478D3A5007940E8 /* JSON+Extras.swift */ = {isa = PBXFileReference; lastKnownFileType = sourcecode.swift; path = "JSON+Extras.swift"; sourceTree = "<group>"; };
		4AC144C92478D404007940E8 /* DataProviderTests.swift */ = {isa = PBXFileReference; lastKnownFileType = sourcecode.swift; path = DataProviderTests.swift; sourceTree = "<group>"; };
		4AC144CD247966DB007940E8 /* ChannelListViewController.swift */ = {isa = PBXFileReference; lastKnownFileType = sourcecode.swift; path = ChannelListViewController.swift; sourceTree = "<group>"; };
		4AC144CF2479794B007940E8 /* ChannelListViewModel.swift */ = {isa = PBXFileReference; lastKnownFileType = sourcecode.swift; path = ChannelListViewModel.swift; sourceTree = "<group>"; };
		4AC144D124797B43007940E8 /* SectionProtocol.swift */ = {isa = PBXFileReference; lastKnownFileType = sourcecode.swift; path = SectionProtocol.swift; sourceTree = "<group>"; };
		4AC144D324797BDE007940E8 /* NewEpisodesSection.swift */ = {isa = PBXFileReference; lastKnownFileType = sourcecode.swift; path = NewEpisodesSection.swift; sourceTree = "<group>"; };
		4AC144DA24797EAA007940E8 /* SingleSeriesCell.swift */ = {isa = PBXFileReference; lastKnownFileType = sourcecode.swift; path = SingleSeriesCell.swift; sourceTree = "<group>"; };
		4AC144DB24797EAA007940E8 /* SingleSeriesCell.xib */ = {isa = PBXFileReference; lastKnownFileType = file.xib; path = SingleSeriesCell.xib; sourceTree = "<group>"; };
		4AC144DE24798601007940E8 /* NewEpisodesCell.swift */ = {isa = PBXFileReference; lastKnownFileType = sourcecode.swift; path = NewEpisodesCell.swift; sourceTree = "<group>"; };
		4AC144DF24798601007940E8 /* NewEpisodesCell.xib */ = {isa = PBXFileReference; lastKnownFileType = file.xib; path = NewEpisodesCell.xib; sourceTree = "<group>"; };
		4AC144E3247A126F007940E8 /* Roboto-Regular.ttf */ = {isa = PBXFileReference; lastKnownFileType = file; path = "Roboto-Regular.ttf"; sourceTree = "<group>"; };
		4AC144E4247A126F007940E8 /* Roboto-Medium.ttf */ = {isa = PBXFileReference; lastKnownFileType = file; path = "Roboto-Medium.ttf"; sourceTree = "<group>"; };
		4AC144E5247A126F007940E8 /* Roboto-Bold.ttf */ = {isa = PBXFileReference; lastKnownFileType = file; path = "Roboto-Bold.ttf"; sourceTree = "<group>"; };
/* End PBXFileReference section */

/* Begin PBXFrameworksBuildPhase section */
		4A5A42B32474EB1400180BE5 /* Frameworks */ = {
			isa = PBXFrameworksBuildPhase;
			buildActionMask = 2147483647;
			files = (
			);
			runOnlyForDeploymentPostprocessing = 0;
		};
		4A5A42C92474EB1800180BE5 /* Frameworks */ = {
			isa = PBXFrameworksBuildPhase;
			buildActionMask = 2147483647;
			files = (
			);
			runOnlyForDeploymentPostprocessing = 0;
		};
/* End PBXFrameworksBuildPhase section */

/* Begin PBXGroup section */
		4A5A42AD2474EB1400180BE5 = {
			isa = PBXGroup;
			children = (
				4A5A42B82474EB1400180BE5 /* Mindvalley-Challenge */,
				4A5A42CF2474EB1800180BE5 /* Mindvalley-ChallengeTests */,
				4AB2A88F248285DA0021BD8E /* README.md */,
				4A5A42B72474EB1400180BE5 /* Products */,
			);
			sourceTree = "<group>";
		};
		4A5A42B72474EB1400180BE5 /* Products */ = {
			isa = PBXGroup;
			children = (
				4A5A42B62474EB1400180BE5 /* Mindvalley-Challenge.app */,
				4A5A42CC2474EB1800180BE5 /* Mindvalley-ChallengeTests.xctest */,
			);
			name = Products;
			sourceTree = "<group>";
		};
		4A5A42B82474EB1400180BE5 /* Mindvalley-Challenge */ = {
			isa = PBXGroup;
			children = (
				4A5A42B92474EB1400180BE5 /* AppDelegate.swift */,
				4A5A42BB2474EB1400180BE5 /* SceneDelegate.swift */,
				4AC144E2247A123E007940E8 /* Resource */,
				4AC144CB2478D765007940E8 /* Extensions */,
				4A5EEB3924778C7400403FF3 /* Cache */,
				4A5A42DB247522A800180BE5 /* RESTClient */,
				4AC144CC2478D77D007940E8 /* DataProvider */,
				4A5A42E52475401B00180BE5 /* Models */,
				4A73ABC0247A41D900ACEE6F /* CustomLayout */,
				4A73ABBC247A39D000ACEE6F /* ImageCache */,
				4A73ABAA247A153800ACEE6F /* CellReuseable */,
				4AC144D524797CFE007940E8 /* Views */,
				4A722D6F247E752400AB996E /* Sections */,
				4AC144CD247966DB007940E8 /* ChannelListViewController.swift */,
				4A73ABB6247A2D1200ACEE6F /* ChannelTableViewDataSource.swift */,
				4AC144CF2479794B007940E8 /* ChannelListViewModel.swift */,
				4A5A42BF2474EB1400180BE5 /* Main.storyboard */,
				4A5A42C22474EB1700180BE5 /* Assets.xcassets */,
				4A5A42C42474EB1700180BE5 /* LaunchScreen.storyboard */,
				4A5A42C72474EB1700180BE5 /* Info.plist */,
			);
			path = "Mindvalley-Challenge";
			sourceTree = "<group>";
		};
		4A5A42CF2474EB1800180BE5 /* Mindvalley-ChallengeTests */ = {
			isa = PBXGroup;
			children = (
				4A5A42D02474EB1800180BE5 /* Mindvalley_ChallengeTests.swift */,
				4A5A42E3247525F600180BE5 /* RESTClientTests.swift */,
				4AC144C92478D404007940E8 /* DataProviderTests.swift */,
				4A5A42D22474EB1800180BE5 /* Info.plist */,
			);
			path = "Mindvalley-ChallengeTests";
			sourceTree = "<group>";
		};
		4A5A42DB247522A800180BE5 /* RESTClient */ = {
			isa = PBXGroup;
			children = (
				4A5A42DC2475230500180BE5 /* RESTClient.swift */,
				4A5A42DF2475238000180BE5 /* ServiceError.swift */,
				4A5A42E1247523C000180BE5 /* Result.swift */,
			);
			path = RESTClient;
			sourceTree = "<group>";
		};
		4A5A42E52475401B00180BE5 /* Models */ = {
			isa = PBXGroup;
			children = (
				4A5A42E62475402D00180BE5 /* Media.swift */,
				4AB2A86A248201AE0021BD8E /* Channel.swift */,
				4AB2A86C248201C60021BD8E /* Category.swift */,
				4AB2A868248098020021BD8E /* State.swift */,
			);
			path = Models;
			sourceTree = "<group>";
		};
		4A5EEB3924778C7400403FF3 /* Cache */ = {
			isa = PBXGroup;
			children = (
				4A5EEB3C24778D0C00403FF3 /* Cache.swift */,
			);
			path = Cache;
			sourceTree = "<group>";
		};
		4A722D6E247E74DB00AB996E /* Category */ = {
			isa = PBXGroup;
			children = (
				4A722D66247E440700AB996E /* CategoryTableCell.swift */,
				4A722D6A247E471B00AB996E /* SingleCategoryCell.swift */,
				4A722D6B247E471B00AB996E /* SingleCategoryCell.xib */,
				4A722D67247E440700AB996E /* CategoryTableCell.xib */,
			);
			path = Category;
			sourceTree = "<group>";
		};
		4A722D6F247E752400AB996E /* Sections */ = {
			isa = PBXGroup;
			children = (
				4AC144D124797B43007940E8 /* SectionProtocol.swift */,
				4AC144D324797BDE007940E8 /* NewEpisodesSection.swift */,
				4A722D5C247A80DD00AB996E /* ChannelSection.swift */,
				4A722D64247E436200AB996E /* CategorySection.swift */,
			);
			path = Sections;
			sourceTree = "<group>";
		};
		4A73ABAA247A153800ACEE6F /* CellReuseable */ = {
			isa = PBXGroup;
			children = (
				4A73ABAB247A15D500ACEE6F /* CellReuseable.swift */,
				4A73ABAD247A167000ACEE6F /* CellConfigurable.swift */,
			);
			path = CellReuseable;
			sourceTree = "<group>";
		};
		4A73ABB1247A272900ACEE6F /* Course */ = {
			isa = PBXGroup;
			children = (
				4AB2A85E247FF4E60021BD8E /* TableViewCourseCell.swift */,
				4AB2A85D247FF4E60021BD8E /* TableViewCourseCell.xib */,
				4A73ABB2247A288B00ACEE6F /* SingleCourseCell.swift */,
				4A73ABB3247A288B00ACEE6F /* SingleCourseCell.xib */,
			);
			path = Course;
			sourceTree = "<group>";
		};
		4A73ABBC247A39D000ACEE6F /* ImageCache */ = {
			isa = PBXGroup;
			children = (
				4A73ABB9247A39C500ACEE6F /* ImageCache.swift */,
				4A73ABBD247A3A0800ACEE6F /* UIImageView+Cache.swift */,
			);
			path = ImageCache;
			sourceTree = "<group>";
		};
		4A73ABBF247A41B500ACEE6F /* NewEpisodes */ = {
			isa = PBXGroup;
			children = (
				4AC144DE24798601007940E8 /* NewEpisodesCell.swift */,
				4AB2A858247F7B610021BD8E /* SingleEpisodeCell.swift */,
				4AB2A859247F7B610021BD8E /* SingleEpisodeCell.xib */,
				4AC144DF24798601007940E8 /* NewEpisodesCell.xib */,
				4A73ABAF247A16F800ACEE6F /* NewEpisodesCellViewModel.swift */,
			);
			path = NewEpisodes;
			sourceTree = "<group>";
		};
		4A73ABC0247A41D900ACEE6F /* CustomLayout */ = {
			isa = PBXGroup;
			children = (
				4A73ABC1247A421500ACEE6F /* HorizontalFlowLayout.swift */,
			);
			path = CustomLayout;
			sourceTree = "<group>";
		};
		4AB2A861247FF5070021BD8E /* Series */ = {
			isa = PBXGroup;
			children = (
				4AB2A863247FF67A0021BD8E /* TableViewSeriesCell.swift */,
				4AB2A862247FF67A0021BD8E /* TableViewSeriesCell.xib */,
				4AC144DA24797EAA007940E8 /* SingleSeriesCell.swift */,
				4AC144DB24797EAA007940E8 /* SingleSeriesCell.xib */,
			);
			path = Series;
			sourceTree = "<group>";
		};
		4AB2A86E2482026F0021BD8E /* SectionHeader */ = {
			isa = PBXGroup;
			children = (
				4A722D70247E75D100AB996E /* SectionHeader.swift */,
				4A722D72247E75E900AB996E /* SectionHeader.xib */,
			);
			path = SectionHeader;
			sourceTree = "<group>";
		};
		4AC144CB2478D765007940E8 /* Extensions */ = {
			isa = PBXGroup;
			children = (
				4AC144C72478D3A5007940E8 /* JSON+Extras.swift */,
				4A73ABC3247A456300ACEE6F /* String+Extras.swift */,
			);
			path = Extensions;
			sourceTree = "<group>";
		};
		4AC144CC2478D77D007940E8 /* DataProvider */ = {
			isa = PBXGroup;
			children = (
				4A5EEB372477854C00403FF3 /* DataProvider.swift */,
			);
			path = DataProvider;
			sourceTree = "<group>";
		};
		4AC144D524797CFE007940E8 /* Views */ = {
			isa = PBXGroup;
			children = (
				4AB2A86E2482026F0021BD8E /* SectionHeader */,
				4A73ABBF247A41B500ACEE6F /* NewEpisodes */,
				4AB2A861247FF5070021BD8E /* Series */,
				4A73ABB1247A272900ACEE6F /* Course */,
				4A722D6E247E74DB00AB996E /* Category */,
			);
			path = Views;
			sourceTree = "<group>";
		};
		4AC144E2247A123E007940E8 /* Resource */ = {
			isa = PBXGroup;
			children = (
				4AC144E5247A126F007940E8 /* Roboto-Bold.ttf */,
				4AC144E4247A126F007940E8 /* Roboto-Medium.ttf */,
				4AC144E3247A126F007940E8 /* Roboto-Regular.ttf */,
			);
			path = Resource;
			sourceTree = "<group>";
		};
/* End PBXGroup section */

/* Begin PBXNativeTarget section */
		4A5A42B52474EB1400180BE5 /* Mindvalley-Challenge */ = {
			isa = PBXNativeTarget;
			buildConfigurationList = 4A5A42D52474EB1800180BE5 /* Build configuration list for PBXNativeTarget "Mindvalley-Challenge" */;
			buildPhases = (
				4A5A42B22474EB1400180BE5 /* Sources */,
				4A5A42B32474EB1400180BE5 /* Frameworks */,
				4A5A42B42474EB1400180BE5 /* Resources */,
			);
			buildRules = (
			);
			dependencies = (
			);
			name = "Mindvalley-Challenge";
			productName = "Mindvalley-Challenge";
			productReference = 4A5A42B62474EB1400180BE5 /* Mindvalley-Challenge.app */;
			productType = "com.apple.product-type.application";
		};
		4A5A42CB2474EB1800180BE5 /* Mindvalley-ChallengeTests */ = {
			isa = PBXNativeTarget;
			buildConfigurationList = 4A5A42D82474EB1800180BE5 /* Build configuration list for PBXNativeTarget "Mindvalley-ChallengeTests" */;
			buildPhases = (
				4A5A42C82474EB1800180BE5 /* Sources */,
				4A5A42C92474EB1800180BE5 /* Frameworks */,
				4A5A42CA2474EB1800180BE5 /* Resources */,
			);
			buildRules = (
			);
			dependencies = (
				4A5A42CE2474EB1800180BE5 /* PBXTargetDependency */,
			);
			name = "Mindvalley-ChallengeTests";
			productName = "Mindvalley-ChallengeTests";
			productReference = 4A5A42CC2474EB1800180BE5 /* Mindvalley-ChallengeTests.xctest */;
			productType = "com.apple.product-type.bundle.unit-test";
		};
/* End PBXNativeTarget section */

/* Begin PBXProject section */
		4A5A42AE2474EB1400180BE5 /* Project object */ = {
			isa = PBXProject;
			attributes = {
				LastSwiftUpdateCheck = 1130;
				LastUpgradeCheck = 1130;
				ORGANIZATIONNAME = Muzahid;
				TargetAttributes = {
					4A5A42B52474EB1400180BE5 = {
						CreatedOnToolsVersion = 11.3;
					};
					4A5A42CB2474EB1800180BE5 = {
						CreatedOnToolsVersion = 11.3;
						TestTargetID = 4A5A42B52474EB1400180BE5;
					};
				};
			};
			buildConfigurationList = 4A5A42B12474EB1400180BE5 /* Build configuration list for PBXProject "Mindvalley-Challenge" */;
			compatibilityVersion = "Xcode 9.3";
			developmentRegion = en;
			hasScannedForEncodings = 0;
			knownRegions = (
				en,
				Base,
			);
			mainGroup = 4A5A42AD2474EB1400180BE5;
			productRefGroup = 4A5A42B72474EB1400180BE5 /* Products */;
			projectDirPath = "";
			projectRoot = "";
			targets = (
				4A5A42B52474EB1400180BE5 /* Mindvalley-Challenge */,
				4A5A42CB2474EB1800180BE5 /* Mindvalley-ChallengeTests */,
			);
		};
/* End PBXProject section */

/* Begin PBXResourcesBuildPhase section */
		4A5A42B42474EB1400180BE5 /* Resources */ = {
			isa = PBXResourcesBuildPhase;
			buildActionMask = 2147483647;
			files = (
				4AC144E7247A126F007940E8 /* Roboto-Medium.ttf in Resources */,
				4A73ABB5247A288B00ACEE6F /* SingleCourseCell.xib in Resources */,
				4AC144E6247A126F007940E8 /* Roboto-Regular.ttf in Resources */,
				4A5A42C62474EB1700180BE5 /* LaunchScreen.storyboard in Resources */,
				4AB2A85F247FF4E60021BD8E /* TableViewCourseCell.xib in Resources */,
				4A722D69247E440700AB996E /* CategoryTableCell.xib in Resources */,
				4AB2A890248285DA0021BD8E /* README.md in Resources */,
				4AB2A85B247F7B610021BD8E /* SingleEpisodeCell.xib in Resources */,
				4AC144E124798601007940E8 /* NewEpisodesCell.xib in Resources */,
				4AB2A864247FF67A0021BD8E /* TableViewSeriesCell.xib in Resources */,
				4A722D73247E75E900AB996E /* SectionHeader.xib in Resources */,
				4A73ABA9247A142200ACEE6F /* SingleSeriesCell.xib in Resources */,
				4AC144E8247A126F007940E8 /* Roboto-Bold.ttf in Resources */,
				4A5A42C32474EB1700180BE5 /* Assets.xcassets in Resources */,
				4A5A42C12474EB1400180BE5 /* Main.storyboard in Resources */,
				4A722D6D247E471B00AB996E /* SingleCategoryCell.xib in Resources */,
			);
			runOnlyForDeploymentPostprocessing = 0;
		};
		4A5A42CA2474EB1800180BE5 /* Resources */ = {
			isa = PBXResourcesBuildPhase;
			buildActionMask = 2147483647;
			files = (
			);
			runOnlyForDeploymentPostprocessing = 0;
		};
/* End PBXResourcesBuildPhase section */

/* Begin PBXSourcesBuildPhase section */
		4A5A42B22474EB1400180BE5 /* Sources */ = {
			isa = PBXSourcesBuildPhase;
			buildActionMask = 2147483647;
			files = (
				4AC144D224797B43007940E8 /* SectionProtocol.swift in Sources */,
				4AC144C82478D3A5007940E8 /* JSON+Extras.swift in Sources */,
				4AB2A865247FF67A0021BD8E /* TableViewSeriesCell.swift in Sources */,
				4A5A42E2247523C000180BE5 /* Result.swift in Sources */,
				4A5A42E02475238000180BE5 /* ServiceError.swift in Sources */,
				4A73ABAE247A167000ACEE6F /* CellConfigurable.swift in Sources */,
				4AB2A86D248201C60021BD8E /* Category.swift in Sources */,
				4A73ABBE247A3A0800ACEE6F /* UIImageView+Cache.swift in Sources */,
				4A5EEB382477854C00403FF3 /* DataProvider.swift in Sources */,
				4A722D6C247E471B00AB996E /* SingleCategoryCell.swift in Sources */,
				4AB2A860247FF4E60021BD8E /* TableViewCourseCell.swift in Sources */,
				4A5A42E72475402D00180BE5 /* Media.swift in Sources */,
				4A73ABB0247A16F800ACEE6F /* NewEpisodesCellViewModel.swift in Sources */,
				4A73ABB7247A2D1200ACEE6F /* ChannelTableViewDataSource.swift in Sources */,
				4AB2A869248098020021BD8E /* State.swift in Sources */,
				4A5A42DE2475232E00180BE5 /* RESTClient.swift in Sources */,
				4AC144D02479794B007940E8 /* ChannelListViewModel.swift in Sources */,
				4A722D68247E440700AB996E /* CategoryTableCell.swift in Sources */,
				4A5EEB3D24778D0C00403FF3 /* Cache.swift in Sources */,
				4A722D71247E75D100AB996E /* SectionHeader.swift in Sources */,
				4A73ABB4247A288B00ACEE6F /* SingleCourseCell.swift in Sources */,
				4A73ABBB247A39C500ACEE6F /* ImageCache.swift in Sources */,
				4AB2A86B248201AE0021BD8E /* Channel.swift in Sources */,
				4AC144D424797BDE007940E8 /* NewEpisodesSection.swift in Sources */,
				4A5A42BA2474EB1400180BE5 /* AppDelegate.swift in Sources */,
				4A73ABAC247A15D500ACEE6F /* CellReuseable.swift in Sources */,
				4A73ABC4247A456300ACEE6F /* String+Extras.swift in Sources */,
				4A722D65247E436200AB996E /* CategorySection.swift in Sources */,
				4AC144E024798601007940E8 /* NewEpisodesCell.swift in Sources */,
				4A722D5D247A80DD00AB996E /* ChannelSection.swift in Sources */,
				4AC144CE247966DB007940E8 /* ChannelListViewController.swift in Sources */,
				4A73ABC2247A421500ACEE6F /* HorizontalFlowLayout.swift in Sources */,
				4AB2A85A247F7B610021BD8E /* SingleEpisodeCell.swift in Sources */,
				4AC144DC24797EAA007940E8 /* SingleSeriesCell.swift in Sources */,
				4A5A42BC2474EB1400180BE5 /* SceneDelegate.swift in Sources */,
			);
			runOnlyForDeploymentPostprocessing = 0;
		};
		4A5A42C82474EB1800180BE5 /* Sources */ = {
			isa = PBXSourcesBuildPhase;
			buildActionMask = 2147483647;
			files = (
				4A5A42E4247525F600180BE5 /* RESTClientTests.swift in Sources */,
				4A5A42D12474EB1800180BE5 /* Mindvalley_ChallengeTests.swift in Sources */,
				4AC144CA2478D404007940E8 /* DataProviderTests.swift in Sources */,
			);
			runOnlyForDeploymentPostprocessing = 0;
		};
/* End PBXSourcesBuildPhase section */

/* Begin PBXTargetDependency section */
		4A5A42CE2474EB1800180BE5 /* PBXTargetDependency */ = {
			isa = PBXTargetDependency;
			target = 4A5A42B52474EB1400180BE5 /* Mindvalley-Challenge */;
			targetProxy = 4A5A42CD2474EB1800180BE5 /* PBXContainerItemProxy */;
		};
/* End PBXTargetDependency section */

/* Begin PBXVariantGroup section */
		4A5A42BF2474EB1400180BE5 /* Main.storyboard */ = {
			isa = PBXVariantGroup;
			children = (
				4A5A42C02474EB1400180BE5 /* Base */,
			);
			name = Main.storyboard;
			sourceTree = "<group>";
		};
		4A5A42C42474EB1700180BE5 /* LaunchScreen.storyboard */ = {
			isa = PBXVariantGroup;
			children = (
				4A5A42C52474EB1700180BE5 /* Base */,
			);
			name = LaunchScreen.storyboard;
			sourceTree = "<group>";
		};
/* End PBXVariantGroup section */

/* Begin XCBuildConfiguration section */
		4A5A42D32474EB1800180BE5 /* Debug */ = {
			isa = XCBuildConfiguration;
			buildSettings = {
				ALWAYS_SEARCH_USER_PATHS = NO;
				CLANG_ANALYZER_NONNULL = YES;
				CLANG_ANALYZER_NUMBER_OBJECT_CONVERSION = YES_AGGRESSIVE;
				CLANG_CXX_LANGUAGE_STANDARD = "gnu++14";
				CLANG_CXX_LIBRARY = "libc++";
				CLANG_ENABLE_MODULES = YES;
				CLANG_ENABLE_OBJC_ARC = YES;
				CLANG_ENABLE_OBJC_WEAK = YES;
				CLANG_WARN_BLOCK_CAPTURE_AUTORELEASING = YES;
				CLANG_WARN_BOOL_CONVERSION = YES;
				CLANG_WARN_COMMA = YES;
				CLANG_WARN_CONSTANT_CONVERSION = YES;
				CLANG_WARN_DEPRECATED_OBJC_IMPLEMENTATIONS = YES;
				CLANG_WARN_DIRECT_OBJC_ISA_USAGE = YES_ERROR;
				CLANG_WARN_DOCUMENTATION_COMMENTS = YES;
				CLANG_WARN_EMPTY_BODY = YES;
				CLANG_WARN_ENUM_CONVERSION = YES;
				CLANG_WARN_INFINITE_RECURSION = YES;
				CLANG_WARN_INT_CONVERSION = YES;
				CLANG_WARN_NON_LITERAL_NULL_CONVERSION = YES;
				CLANG_WARN_OBJC_IMPLICIT_RETAIN_SELF = YES;
				CLANG_WARN_OBJC_LITERAL_CONVERSION = YES;
				CLANG_WARN_OBJC_ROOT_CLASS = YES_ERROR;
				CLANG_WARN_RANGE_LOOP_ANALYSIS = YES;
				CLANG_WARN_STRICT_PROTOTYPES = YES;
				CLANG_WARN_SUSPICIOUS_MOVE = YES;
				CLANG_WARN_UNGUARDED_AVAILABILITY = YES_AGGRESSIVE;
				CLANG_WARN_UNREACHABLE_CODE = YES;
				CLANG_WARN__DUPLICATE_METHOD_MATCH = YES;
				COPY_PHASE_STRIP = NO;
				DEBUG_INFORMATION_FORMAT = dwarf;
				ENABLE_STRICT_OBJC_MSGSEND = YES;
				ENABLE_TESTABILITY = YES;
				GCC_C_LANGUAGE_STANDARD = gnu11;
				GCC_DYNAMIC_NO_PIC = NO;
				GCC_NO_COMMON_BLOCKS = YES;
				GCC_OPTIMIZATION_LEVEL = 0;
				GCC_PREPROCESSOR_DEFINITIONS = (
					"DEBUG=1",
					"$(inherited)",
				);
				GCC_WARN_64_TO_32_BIT_CONVERSION = YES;
				GCC_WARN_ABOUT_RETURN_TYPE = YES_ERROR;
				GCC_WARN_UNDECLARED_SELECTOR = YES;
				GCC_WARN_UNINITIALIZED_AUTOS = YES_AGGRESSIVE;
				GCC_WARN_UNUSED_FUNCTION = YES;
				GCC_WARN_UNUSED_VARIABLE = YES;
				IPHONEOS_DEPLOYMENT_TARGET = 13.2;
				MTL_ENABLE_DEBUG_INFO = INCLUDE_SOURCE;
				MTL_FAST_MATH = YES;
				ONLY_ACTIVE_ARCH = YES;
				SDKROOT = iphoneos;
				SWIFT_ACTIVE_COMPILATION_CONDITIONS = DEBUG;
				SWIFT_OPTIMIZATION_LEVEL = "-Onone";
			};
			name = Debug;
		};
		4A5A42D42474EB1800180BE5 /* Release */ = {
			isa = XCBuildConfiguration;
			buildSettings = {
				ALWAYS_SEARCH_USER_PATHS = NO;
				CLANG_ANALYZER_NONNULL = YES;
				CLANG_ANALYZER_NUMBER_OBJECT_CONVERSION = YES_AGGRESSIVE;
				CLANG_CXX_LANGUAGE_STANDARD = "gnu++14";
				CLANG_CXX_LIBRARY = "libc++";
				CLANG_ENABLE_MODULES = YES;
				CLANG_ENABLE_OBJC_ARC = YES;
				CLANG_ENABLE_OBJC_WEAK = YES;
				CLANG_WARN_BLOCK_CAPTURE_AUTORELEASING = YES;
				CLANG_WARN_BOOL_CONVERSION = YES;
				CLANG_WARN_COMMA = YES;
				CLANG_WARN_CONSTANT_CONVERSION = YES;
				CLANG_WARN_DEPRECATED_OBJC_IMPLEMENTATIONS = YES;
				CLANG_WARN_DIRECT_OBJC_ISA_USAGE = YES_ERROR;
				CLANG_WARN_DOCUMENTATION_COMMENTS = YES;
				CLANG_WARN_EMPTY_BODY = YES;
				CLANG_WARN_ENUM_CONVERSION = YES;
				CLANG_WARN_INFINITE_RECURSION = YES;
				CLANG_WARN_INT_CONVERSION = YES;
				CLANG_WARN_NON_LITERAL_NULL_CONVERSION = YES;
				CLANG_WARN_OBJC_IMPLICIT_RETAIN_SELF = YES;
				CLANG_WARN_OBJC_LITERAL_CONVERSION = YES;
				CLANG_WARN_OBJC_ROOT_CLASS = YES_ERROR;
				CLANG_WARN_RANGE_LOOP_ANALYSIS = YES;
				CLANG_WARN_STRICT_PROTOTYPES = YES;
				CLANG_WARN_SUSPICIOUS_MOVE = YES;
				CLANG_WARN_UNGUARDED_AVAILABILITY = YES_AGGRESSIVE;
				CLANG_WARN_UNREACHABLE_CODE = YES;
				CLANG_WARN__DUPLICATE_METHOD_MATCH = YES;
				COPY_PHASE_STRIP = NO;
				DEBUG_INFORMATION_FORMAT = "dwarf-with-dsym";
				ENABLE_NS_ASSERTIONS = NO;
				ENABLE_STRICT_OBJC_MSGSEND = YES;
				GCC_C_LANGUAGE_STANDARD = gnu11;
				GCC_NO_COMMON_BLOCKS = YES;
				GCC_WARN_64_TO_32_BIT_CONVERSION = YES;
				GCC_WARN_ABOUT_RETURN_TYPE = YES_ERROR;
				GCC_WARN_UNDECLARED_SELECTOR = YES;
				GCC_WARN_UNINITIALIZED_AUTOS = YES_AGGRESSIVE;
				GCC_WARN_UNUSED_FUNCTION = YES;
				GCC_WARN_UNUSED_VARIABLE = YES;
				IPHONEOS_DEPLOYMENT_TARGET = 13.2;
				MTL_ENABLE_DEBUG_INFO = NO;
				MTL_FAST_MATH = YES;
				SDKROOT = iphoneos;
				SWIFT_COMPILATION_MODE = wholemodule;
				SWIFT_OPTIMIZATION_LEVEL = "-O";
				VALIDATE_PRODUCT = YES;
			};
			name = Release;
		};
		4A5A42D62474EB1800180BE5 /* Debug */ = {
			isa = XCBuildConfiguration;
			buildSettings = {
				ASSETCATALOG_COMPILER_APPICON_NAME = AppIcon;
				CODE_SIGN_STYLE = Automatic;
				DEVELOPMENT_TEAM = N8JNBB9XQX;
				INFOPLIST_FILE = "Mindvalley-Challenge/Info.plist";
				LD_RUNPATH_SEARCH_PATHS = (
					"$(inherited)",
					"@executable_path/Frameworks",
				);
				PRODUCT_BUNDLE_IDENTIFIER = "com.muzahid.Mindvalley-Challenge";
				PRODUCT_NAME = "$(TARGET_NAME)";
				SWIFT_VERSION = 5.0;
				TARGETED_DEVICE_FAMILY = "1,2";
			};
			name = Debug;
		};
		4A5A42D72474EB1800180BE5 /* Release */ = {
			isa = XCBuildConfiguration;
			buildSettings = {
				ASSETCATALOG_COMPILER_APPICON_NAME = AppIcon;
				CODE_SIGN_STYLE = Automatic;
				DEVELOPMENT_TEAM = N8JNBB9XQX;
				INFOPLIST_FILE = "Mindvalley-Challenge/Info.plist";
				LD_RUNPATH_SEARCH_PATHS = (
					"$(inherited)",
					"@executable_path/Frameworks",
				);
				PRODUCT_BUNDLE_IDENTIFIER = "com.muzahid.Mindvalley-Challenge";
				PRODUCT_NAME = "$(TARGET_NAME)";
				SWIFT_VERSION = 5.0;
				TARGETED_DEVICE_FAMILY = "1,2";
			};
			name = Release;
		};
		4A5A42D92474EB1800180BE5 /* Debug */ = {
			isa = XCBuildConfiguration;
			buildSettings = {
				ALWAYS_EMBED_SWIFT_STANDARD_LIBRARIES = YES;
				BUNDLE_LOADER = "$(TEST_HOST)";
				CODE_SIGN_STYLE = Automatic;
				DEVELOPMENT_TEAM = N8JNBB9XQX;
				INFOPLIST_FILE = "Mindvalley-ChallengeTests/Info.plist";
				IPHONEOS_DEPLOYMENT_TARGET = 13.2;
				LD_RUNPATH_SEARCH_PATHS = (
					"$(inherited)",
					"@executable_path/Frameworks",
					"@loader_path/Frameworks",
				);
				PRODUCT_BUNDLE_IDENTIFIER = "com.muzahid.Mindvalley-ChallengeTests";
				PRODUCT_NAME = "$(TARGET_NAME)";
				SWIFT_VERSION = 5.0;
				TARGETED_DEVICE_FAMILY = "1,2";
				TEST_HOST = "$(BUILT_PRODUCTS_DIR)/Mindvalley-Challenge.app/Mindvalley-Challenge";
			};
			name = Debug;
		};
		4A5A42DA2474EB1800180BE5 /* Release */ = {
			isa = XCBuildConfiguration;
			buildSettings = {
				ALWAYS_EMBED_SWIFT_STANDARD_LIBRARIES = YES;
				BUNDLE_LOADER = "$(TEST_HOST)";
				CODE_SIGN_STYLE = Automatic;
				DEVELOPMENT_TEAM = N8JNBB9XQX;
				INFOPLIST_FILE = "Mindvalley-ChallengeTests/Info.plist";
				IPHONEOS_DEPLOYMENT_TARGET = 13.2;
				LD_RUNPATH_SEARCH_PATHS = (
					"$(inherited)",
					"@executable_path/Frameworks",
					"@loader_path/Frameworks",
				);
				PRODUCT_BUNDLE_IDENTIFIER = "com.muzahid.Mindvalley-ChallengeTests";
				PRODUCT_NAME = "$(TARGET_NAME)";
				SWIFT_VERSION = 5.0;
				TARGETED_DEVICE_FAMILY = "1,2";
				TEST_HOST = "$(BUILT_PRODUCTS_DIR)/Mindvalley-Challenge.app/Mindvalley-Challenge";
			};
			name = Release;
		};
/* End XCBuildConfiguration section */

/* Begin XCConfigurationList section */
		4A5A42B12474EB1400180BE5 /* Build configuration list for PBXProject "Mindvalley-Challenge" */ = {
			isa = XCConfigurationList;
			buildConfigurations = (
				4A5A42D32474EB1800180BE5 /* Debug */,
				4A5A42D42474EB1800180BE5 /* Release */,
			);
			defaultConfigurationIsVisible = 0;
			defaultConfigurationName = Release;
		};
		4A5A42D52474EB1800180BE5 /* Build configuration list for PBXNativeTarget "Mindvalley-Challenge" */ = {
			isa = XCConfigurationList;
			buildConfigurations = (
				4A5A42D62474EB1800180BE5 /* Debug */,
				4A5A42D72474EB1800180BE5 /* Release */,
			);
			defaultConfigurationIsVisible = 0;
			defaultConfigurationName = Release;
		};
		4A5A42D82474EB1800180BE5 /* Build configuration list for PBXNativeTarget "Mindvalley-ChallengeTests" */ = {
			isa = XCConfigurationList;
			buildConfigurations = (
				4A5A42D92474EB1800180BE5 /* Debug */,
				4A5A42DA2474EB1800180BE5 /* Release */,
			);
			defaultConfigurationIsVisible = 0;
			defaultConfigurationName = Release;
		};
/* End XCConfigurationList section */
	};
	rootObject = 4A5A42AE2474EB1400180BE5 /* Project object */;
}
